{
  "name": "magnet-to-torrent-userscript",
  "version": "4.0.1",
  "lockfileVersion": 3,
  "requires": true,
  "packages": {
    "": {
      "name": "magnet-to-torrent-userscript",
      "version": "4.0.1",
      "devDependencies": {
        "jsdom": ">=26.1.0 <27"
      },
      "engines": {
        "node": ">=18"
      }
    }
  }
}
